// !$*UTF8*$!
{
	archiveVersion = 1;
	classes = {
	};
	objectVersion = 50;
	objects = {

/* Begin PBXBuildFile section */
		64A006D9213FD940001BA205 /* AppDelegate.swift in Sources */ = {isa = PBXBuildFile; fileRef = 64A006D8213FD940001BA205 /* AppDelegate.swift */; };
		64A006DB213FD940001BA205 /* HomeViewController.swift in Sources */ = {isa = PBXBuildFile; fileRef = 64A006DA213FD940001BA205 /* HomeViewController.swift */; };
		64A006DE213FD940001BA205 /* Main.storyboard in Resources */ = {isa = PBXBuildFile; fileRef = 64A006DC213FD940001BA205 /* Main.storyboard */; };
		64A006E1213FD940001BA205 /* EDUMVA.xcdatamodeld in Sources */ = {isa = PBXBuildFile; fileRef = 64A006DF213FD940001BA205 /* EDUMVA.xcdatamodeld */; };
		64A006E3213FD942001BA205 /* Assets.xcassets in Resources */ = {isa = PBXBuildFile; fileRef = 64A006E2213FD942001BA205 /* Assets.xcassets */; };
		64A006E6213FD942001BA205 /* LaunchScreen.storyboard in Resources */ = {isa = PBXBuildFile; fileRef = 64A006E4213FD942001BA205 /* LaunchScreen.storyboard */; };
		E4CD4359214015AC00C1FEB5 /* ViewControllerFEEDS.m in Sources */ = {isa = PBXBuildFile; fileRef = E4CD4358214015AC00C1FEB5 /* ViewControllerFEEDS.m */; };
		E564E66021400CEC00A091DF /* TabBarController.swift in Sources */ = {isa = PBXBuildFile; fileRef = E564E65F21400CEC00A091DF /* TabBarController.swift */; };
/* End PBXBuildFile section */

/* Begin PBXFileReference section */
		64A006D5213FD940001BA205 /* EDUMVA.app */ = {isa = PBXFileReference; explicitFileType = wrapper.application; includeInIndex = 0; path = EDUMVA.app; sourceTree = BUILT_PRODUCTS_DIR; };
		64A006D8213FD940001BA205 /* AppDelegate.swift */ = {isa = PBXFileReference; lastKnownFileType = sourcecode.swift; path = AppDelegate.swift; sourceTree = "<group>"; };
		64A006DA213FD940001BA205 /* HomeViewController.swift */ = {isa = PBXFileReference; lastKnownFileType = sourcecode.swift; path = HomeViewController.swift; sourceTree = "<group>"; };
		64A006DD213FD940001BA205 /* Base */ = {isa = PBXFileReference; lastKnownFileType = file.storyboard; name = Base; path = Base.lproj/Main.storyboard; sourceTree = "<group>"; };
		64A006E0213FD940001BA205 /* EDUMVA.xcdatamodel */ = {isa = PBXFileReference; lastKnownFileType = wrapper.xcdatamodel; path = EDUMVA.xcdatamodel; sourceTree = "<group>"; };
		64A006E2213FD942001BA205 /* Assets.xcassets */ = {isa = PBXFileReference; lastKnownFileType = folder.assetcatalog; path = Assets.xcassets; sourceTree = "<group>"; };
		64A006E5213FD942001BA205 /* Base */ = {isa = PBXFileReference; lastKnownFileType = file.storyboard; name = Base; path = Base.lproj/LaunchScreen.storyboard; sourceTree = "<group>"; };
		64A006E7213FD942001BA205 /* Info.plist */ = {isa = PBXFileReference; lastKnownFileType = text.plist.xml; path = Info.plist; sourceTree = "<group>"; };
		E4CD4356214015AC00C1FEB5 /* EDUMVA-Bridging-Header.h */ = {isa = PBXFileReference; fileEncoding = 4; lastKnownFileType = sourcecode.c.h; path = "EDUMVA-Bridging-Header.h"; sourceTree = "<group>"; };
		E4CD4357214015AC00C1FEB5 /* ViewControllerFEEDS.h */ = {isa = PBXFileReference; fileEncoding = 4; lastKnownFileType = sourcecode.c.h; path = ViewControllerFEEDS.h; sourceTree = "<group>"; };
		E4CD4358214015AC00C1FEB5 /* ViewControllerFEEDS.m */ = {isa = PBXFileReference; fileEncoding = 4; lastKnownFileType = sourcecode.c.objc; path = ViewControllerFEEDS.m; sourceTree = "<group>"; };
		E564E65F21400CEC00A091DF /* TabBarController.swift */ = {isa = PBXFileReference; lastKnownFileType = sourcecode.swift; path = TabBarController.swift; sourceTree = "<group>"; };
/* End PBXFileReference section */

/* Begin PBXFrameworksBuildPhase section */
		64A006D2213FD940001BA205 /* Frameworks */ = {
			isa = PBXFrameworksBuildPhase;
			buildActionMask = 2147483647;
			files = (
			);
			runOnlyForDeploymentPostprocessing = 0;
		};
/* End PBXFrameworksBuildPhase section */

/* Begin PBXGroup section */
		64A006CC213FD940001BA205 = {
			isa = PBXGroup;
			children = (
				64A006D7213FD940001BA205 /* EDUMVA */,
				64A006D6213FD940001BA205 /* Products */,
			);
			sourceTree = "<group>";
		};
		64A006D6213FD940001BA205 /* Products */ = {
			isa = PBXGroup;
			children = (
				64A006D5213FD940001BA205 /* EDUMVA.app */,
			);
			name = Products;
			sourceTree = "<group>";
		};
		64A006D7213FD940001BA205 /* EDUMVA */ = {
			isa = PBXGroup;
			children = (
				E4CD435A214015B800C1FEB5 /* Feeds */,
				64A006D8213FD940001BA205 /* AppDelegate.swift */,
				64A006DA213FD940001BA205 /* HomeViewController.swift */,
				E564E65F21400CEC00A091DF /* TabBarController.swift */,
				64A006DC213FD940001BA205 /* Main.storyboard */,
				64A006E2213FD942001BA205 /* Assets.xcassets */,
				64A006E4213FD942001BA205 /* LaunchScreen.storyboard */,
				64A006E7213FD942001BA205 /* Info.plist */,
				64A006DF213FD940001BA205 /* EDUMVA.xcdatamodeld */,
			);
			path = EDUMVA;
			sourceTree = "<group>";
		};
		E4CD435A214015B800C1FEB5 /* Feeds */ = {
			isa = PBXGroup;
			children = (
				E4CD4356214015AC00C1FEB5 /* EDUMVA-Bridging-Header.h */,
				E4CD4357214015AC00C1FEB5 /* ViewControllerFEEDS.h */,
				E4CD4358214015AC00C1FEB5 /* ViewControllerFEEDS.m */,
			);
			path = Feeds;
			sourceTree = "<group>";
		};
/* End PBXGroup section */

/* Begin PBXNativeTarget section */
		64A006D4213FD940001BA205 /* EDUMVA */ = {
			isa = PBXNativeTarget;
			buildConfigurationList = 64A006EA213FD942001BA205 /* Build configuration list for PBXNativeTarget "EDUMVA" */;
			buildPhases = (
				64A006D1213FD940001BA205 /* Sources */,
				64A006D2213FD940001BA205 /* Frameworks */,
				64A006D3213FD940001BA205 /* Resources */,
			);
			buildRules = (
			);
			dependencies = (
			);
			name = EDUMVA;
			productName = EDUMVA;
			productReference = 64A006D5213FD940001BA205 /* EDUMVA.app */;
			productType = "com.apple.product-type.application";
		};
/* End PBXNativeTarget section */

/* Begin PBXProject section */
		64A006CD213FD940001BA205 /* Project object */ = {
			isa = PBXProject;
			attributes = {
				LastSwiftUpdateCheck = 0940;
				LastUpgradeCheck = 0940;
				TargetAttributes = {
					64A006D4213FD940001BA205 = {
						CreatedOnToolsVersion = 9.4.1;
						LastSwiftMigration = 0940;
					};
				};
			};
			buildConfigurationList = 64A006D0213FD940001BA205 /* Build configuration list for PBXProject "EDUMVA" */;
			compatibilityVersion = "Xcode 9.3";
			developmentRegion = en;
			hasScannedForEncodings = 0;
			knownRegions = (
				en,
				Base,
			);
			mainGroup = 64A006CC213FD940001BA205;
			productRefGroup = 64A006D6213FD940001BA205 /* Products */;
			projectDirPath = "";
			projectRoot = "";
			targets = (
				64A006D4213FD940001BA205 /* EDUMVA */,
			);
		};
/* End PBXProject section */

/* Begin PBXResourcesBuildPhase section */
		64A006D3213FD940001BA205 /* Resources */ = {
			isa = PBXResourcesBuildPhase;
			buildActionMask = 2147483647;
			files = (
				64A006E6213FD942001BA205 /* LaunchScreen.storyboard in Resources */,
				64A006E3213FD942001BA205 /* Assets.xcassets in Resources */,
				64A006DE213FD940001BA205 /* Main.storyboard in Resources */,
			);
			runOnlyForDeploymentPostprocessing = 0;
		};
/* End PBXResourcesBuildPhase section */

/* Begin PBXSourcesBuildPhase section */
		64A006D1213FD940001BA205 /* Sources */ = {
			isa = PBXSourcesBuildPhase;
			buildActionMask = 2147483647;
			files = (
				64A006DB213FD940001BA205 /* HomeViewController.swift in Sources */,
				E564E66021400CEC00A091DF /* TabBarController.swift in Sources */,
				E4CD4359214015AC00C1FEB5 /* ViewControllerFEEDS.m in Sources */,
				64A006D9213FD940001BA205 /* AppDelegate.swift in Sources */,
				64A006E1213FD940001BA205 /* EDUMVA.xcdatamodeld in Sources */,
			);
			runOnlyForDeploymentPostprocessing = 0;
		};
/* End PBXSourcesBuildPhase section */

/* Begin PBXVariantGroup section */
		64A006DC213FD940001BA205 /* Main.storyboard */ = {
			isa = PBXVariantGroup;
			children = (
				64A006DD213FD940001BA205 /* Base */,
			);
			name = Main.storyboard;
			sourceTree = "<group>";
		};
		64A006E4213FD942001BA205 /* LaunchScreen.storyboard */ = {
			isa = PBXVariantGroup;
			children = (
				64A006E5213FD942001BA205 /* Base */,
			);
			name = LaunchScreen.storyboard;
			sourceTree = "<group>";
		};
/* End PBXVariantGroup section */

/* Begin XCBuildConfiguration section */
		64A006E8213FD942001BA205 /* Debug */ = {
			isa = XCBuildConfiguration;
			buildSettings = {
				ALWAYS_SEARCH_USER_PATHS = NO;
				CLANG_ANALYZER_NONNULL = YES;
				CLANG_ANALYZER_NUMBER_OBJECT_CONVERSION = YES_AGGRESSIVE;
				CLANG_CXX_LANGUAGE_STANDARD = "gnu++14";
				CLANG_CXX_LIBRARY = "libc++";
				CLANG_ENABLE_MODULES = YES;
				CLANG_ENABLE_OBJC_ARC = YES;
				CLANG_ENABLE_OBJC_WEAK = YES;
				CLANG_WARN_BLOCK_CAPTURE_AUTORELEASING = YES;
				CLANG_WARN_BOOL_CONVERSION = YES;
				CLANG_WARN_COMMA = YES;
				CLANG_WARN_CONSTANT_CONVERSION = YES;
				CLANG_WARN_DEPRECATED_OBJC_IMPLEMENTATIONS = YES;
				CLANG_WARN_DIRECT_OBJC_ISA_USAGE = YES_ERROR;
				CLANG_WARN_DOCUMENTATION_COMMENTS = YES;
				CLANG_WARN_EMPTY_BODY = YES;
				CLANG_WARN_ENUM_CONVERSION = YES;
				CLANG_WARN_INFINITE_RECURSION = YES;
				CLANG_WARN_INT_CONVERSION = YES;
				CLANG_WARN_NON_LITERAL_NULL_CONVERSION = YES;
				CLANG_WARN_OBJC_IMPLICIT_RETAIN_SELF = YES;
				CLANG_WARN_OBJC_LITERAL_CONVERSION = YES;
				CLANG_WARN_OBJC_ROOT_CLASS = YES_ERROR;
				CLANG_WARN_RANGE_LOOP_ANALYSIS = YES;
				CLANG_WARN_STRICT_PROTOTYPES = YES;
				CLANG_WARN_SUSPICIOUS_MOVE = YES;
				CLANG_WARN_UNGUARDED_AVAILABILITY = YES_AGGRESSIVE;
				CLANG_WARN_UNREACHABLE_CODE = YES;
				CLANG_WARN__DUPLICATE_METHOD_MATCH = YES;
				CODE_SIGN_IDENTITY = "iPhone Developer";
				COPY_PHASE_STRIP = NO;
				DEBUG_INFORMATION_FORMAT = dwarf;
				ENABLE_STRICT_OBJC_MSGSEND = YES;
				ENABLE_TESTABILITY = YES;
				GCC_C_LANGUAGE_STANDARD = gnu11;
				GCC_DYNAMIC_NO_PIC = NO;
				GCC_NO_COMMON_BLOCKS = YES;
				GCC_OPTIMIZATION_LEVEL = 0;
				GCC_PREPROCESSOR_DEFINITIONS = (
					"DEBUG=1",
					"$(inherited)",
				);
				GCC_WARN_64_TO_32_BIT_CONVERSION = YES;
				GCC_WARN_ABOUT_RETURN_TYPE = YES_ERROR;
				GCC_WARN_UNDECLARED_SELECTOR = YES;
				GCC_WARN_UNINITIALIZED_AUTOS = YES_AGGRESSIVE;
				GCC_WARN_UNUSED_FUNCTION = YES;
				GCC_WARN_UNUSED_VARIABLE = YES;
				IPHONEOS_DEPLOYMENT_TARGET = 11.4;
				MTL_ENABLE_DEBUG_INFO = YES;
				ONLY_ACTIVE_ARCH = YES;
				SDKROOT = iphoneos;
				SWIFT_ACTIVE_COMPILATION_CONDITIONS = DEBUG;
				SWIFT_OPTIMIZATION_LEVEL = "-Onone";
			};
			name = Debug;
		};
		64A006E9213FD942001BA205 /* Release */ = {
			isa = XCBuildConfiguration;
			buildSettings = {
				ALWAYS_SEARCH_USER_PATHS = NO;
				CLANG_ANALYZER_NONNULL = YES;
				CLANG_ANALYZER_NUMBER_OBJECT_CONVERSION = YES_AGGRESSIVE;
				CLANG_CXX_LANGUAGE_STANDARD = "gnu++14";
				CLANG_CXX_LIBRARY = "libc++";
				CLANG_ENABLE_MODULES = YES;
				CLANG_ENABLE_OBJC_ARC = YES;
				CLANG_ENABLE_OBJC_WEAK = YES;
				CLANG_WARN_BLOCK_CAPTURE_AUTORELEASING = YES;
				CLANG_WARN_BOOL_CONVERSION = YES;
				CLANG_WARN_COMMA = YES;
				CLANG_WARN_CONSTANT_CONVERSION = YES;
				CLANG_WARN_DEPRECATED_OBJC_IMPLEMENTATIONS = YES;
				CLANG_WARN_DIRECT_OBJC_ISA_USAGE = YES_ERROR;
				CLANG_WARN_DOCUMENTATION_COMMENTS = YES;
				CLANG_WARN_EMPTY_BODY = YES;
				CLANG_WARN_ENUM_CONVERSION = YES;
				CLANG_WARN_INFINITE_RECURSION = YES;
				CLANG_WARN_INT_CONVERSION = YES;
				CLANG_WARN_NON_LITERAL_NULL_CONVERSION = YES;
				CLANG_WARN_OBJC_IMPLICIT_RETAIN_SELF = YES;
				CLANG_WARN_OBJC_LITERAL_CONVERSION = YES;
				CLANG_WARN_OBJC_ROOT_CLASS = YES_ERROR;
				CLANG_WARN_RANGE_LOOP_ANALYSIS = YES;
				CLANG_WARN_STRICT_PROTOTYPES = YES;
				CLANG_WARN_SUSPICIOUS_MOVE = YES;
				CLANG_WARN_UNGUARDED_AVAILABILITY = YES_AGGRESSIVE;
				CLANG_WARN_UNREACHABLE_CODE = YES;
				CLANG_WARN__DUPLICATE_METHOD_MATCH = YES;
				CODE_SIGN_IDENTITY = "iPhone Developer";
				COPY_PHASE_STRIP = NO;
				DEBUG_INFORMATION_FORMAT = "dwarf-with-dsym";
				ENABLE_NS_ASSERTIONS = NO;
				ENABLE_STRICT_OBJC_MSGSEND = YES;
				GCC_C_LANGUAGE_STANDARD = gnu11;
				GCC_NO_COMMON_BLOCKS = YES;
				GCC_WARN_64_TO_32_BIT_CONVERSION = YES;
				GCC_WARN_ABOUT_RETURN_TYPE = YES_ERROR;
				GCC_WARN_UNDECLARED_SELECTOR = YES;
				GCC_WARN_UNINITIALIZED_AUTOS = YES_AGGRESSIVE;
				GCC_WARN_UNUSED_FUNCTION = YES;
				GCC_WARN_UNUSED_VARIABLE = YES;
				IPHONEOS_DEPLOYMENT_TARGET = 11.4;
				MTL_ENABLE_DEBUG_INFO = NO;
				SDKROOT = iphoneos;
				SWIFT_COMPILATION_MODE = wholemodule;
				SWIFT_OPTIMIZATION_LEVEL = "-O";
				VALIDATE_PRODUCT = YES;
			};
			name = Release;
		};
		64A006EB213FD942001BA205 /* Debug */ = {
			isa = XCBuildConfiguration;
			buildSettings = {
				ASSETCATALOG_COMPILER_APPICON_NAME = AppIcon;
				CLANG_ENABLE_MODULES = YES;
				CODE_SIGN_STYLE = Automatic;
				DEVELOPMENT_TEAM = 4E33XWS7UW;
				INFOPLIST_FILE = EDUMVA/Info.plist;
				IPHONEOS_DEPLOYMENT_TARGET = 10.3;
				LD_RUNPATH_SEARCH_PATHS = (
					"$(inherited)",
					"@executable_path/Frameworks",
				);
				PRODUCT_BUNDLE_IDENTIFIER = com.NMC.EDUMV;
				PRODUCT_NAME = "$(TARGET_NAME)";
				SWIFT_OPTIMIZATION_LEVEL = "-Onone";
				SWIFT_VERSION = 4.0;
				TARGETED_DEVICE_FAMILY = 2;
			};
			name = Debug;
		};
		64A006EC213FD942001BA205 /* Release */ = {
			isa = XCBuildConfiguration;
			buildSettings = {
				ASSETCATALOG_COMPILER_APPICON_NAME = AppIcon;
				CLANG_ENABLE_MODULES = YES;
				CODE_SIGN_STYLE = Automatic;
				DEVELOPMENT_TEAM = 4E33XWS7UW;
				INFOPLIST_FILE = EDUMVA/Info.plist;
				IPHONEOS_DEPLOYMENT_TARGET = 10.3;
				LD_RUNPATH_SEARCH_PATHS = (
					"$(inherited)",
					"@executable_path/Frameworks",
				);
				PRODUCT_BUNDLE_IDENTIFIER = com.NMC.EDUMV;
				PRODUCT_NAME = "$(TARGET_NAME)";
				SWIFT_VERSION = 4.0;
				TARGETED_DEVICE_FAMILY = 2;
			};
			name = Release;
		};
/* End XCBuildConfiguration section */

/* Begin XCConfigurationList section */
		64A006D0213FD940001BA205 /* Build configuration list for PBXProject "EDUMVA" */ = {
			isa = XCConfigurationList;
			buildConfigurations = (
				64A006E8213FD942001BA205 /* Debug */,
				64A006E9213FD942001BA205 /* Release */,
			);
			defaultConfigurationIsVisible = 0;
			defaultConfigurationName = Release;
		};
		64A006EA213FD942001BA205 /* Build configuration list for PBXNativeTarget "EDUMVA" */ = {
			isa = XCConfigurationList;
			buildConfigurations = (
				64A006EB213FD942001BA205 /* Debug */,
				64A006EC213FD942001BA205 /* Release */,
			);
			defaultConfigurationIsVisible = 0;
			defaultConfigurationName = Release;
		};
/* End XCConfigurationList section */

/* Begin XCVersionGroup section */
		64A006DF213FD940001BA205 /* EDUMVA.xcdatamodeld */ = {
			isa = XCVersionGroup;
			children = (
				64A006E0213FD940001BA205 /* EDUMVA.xcdatamodel */,
			);
			currentVersion = 64A006E0213FD940001BA205 /* EDUMVA.xcdatamodel */;
			path = EDUMVA.xcdatamodeld;
			sourceTree = "<group>";
			versionGroupType = wrapper.xcdatamodel;
		};
/* End XCVersionGroup section */
	};
	rootObject = 64A006CD213FD940001BA205 /* Project object */;
}
